
Microsoft Visual Studio Solution File, Format Version 12.00
# Visual Studio 15
VisualStudioVersion = 15.0.26730.12
MinimumVisualStudioVersion = 10.0.40219.1
Project("{8BC9CEB8-8B4A-11D0-8D11-00A0C91BC942}") = "ReadFromTextFile", "ReadFromTextFile\ReadFromTextFile.vcxproj", "{FF9E85AE-A7A4-46E1-B712-636152130190}"
EndProject
Global
	GlobalSection(SolutionConfigurationPlatforms) = preSolution
		Debug|x64 = Debug|x64
		Debug|x86 = Debug|x86
		Release|x64 = Release|x64
		Release|x86 = Release|x86
	EndGlobalSection
	GlobalSection(ProjectConfigurationPlatforms) = postSolution
		{FF9E85AE-A7A4-46E1-B712-636152130190}.Debug|x64.ActiveCfg = Debug|x64
		{FF9E85AE-A7A4-46E1-B712-636152130190}.Debug|x64.Build.0 = Debug|x64
		{FF9E85AE-A7A4-46E1-B712-636152130190}.Debug|x86.ActiveCfg = Debug|Win32
		{FF9E85AE-A7A4-46E1-B712-636152130190}.Debug|x86.Build.0 = Debug|Win32
		{FF9E85AE-A7A4-46E1-B712-636152130190}.Release|x64.ActiveCfg = Release|x64
		{FF9E85AE-A7A4-46E1-B712-636152130190}.Release|x64.Build.0 = Release|x64
		{FF9E85AE-A7A4-46E1-B712-636152130190}.Release|x86.ActiveCfg = Release|Win32
		{FF9E85AE-A7A4-46E1-B712-636152130190}.Release|x86.Build.0 = Release|Win32
	EndGlobalSection
	GlobalSection(SolutionProperties) = preSolution
		HideSolutionNode = FALSE
	EndGlobalSection
	GlobalSection(ExtensibilityGlobals) = postSolution
		SolutionGuid = {20BD4F1A-A6BA-4E93-8832-2B1555FA8322}
	EndGlobalSection
EndGlobal
